<Solution><Folder Name="/src/"><Project Path="src/SheetsWindows.Cli/SheetsWindows.Cli.csproj"/><Project Path="src/SheetsWindows.Core/SheetsWindows.Core.csproj"/><Project Path="src/SheetsWindows.Infrastructure/SheetsWindows.Infrastructure.csproj"/></Folder><Folder Name="/tests/"><Project Path="tests/SheetsWindows.Tests/SheetsWindows.Tests.csproj"/><Project Path="tests/SheetsWindows.LockProbe/SheetsWindows.LockProbe.csproj"/></Folder></Solution>
